// !$*UTF8*$!
{
	archiveVersion = 1;
	classes = {
	};
	objectVersion = 56;
	objects = {

/* Begin PBXBuildFile section */
		D01024F32A5B49630093200F /* rose.jpg in Resources */ = {isa = PBXBuildFile; fileRef = D01024ED2A5B49630093200F /* rose.jpg */; };
		D01024F42A5B49630093200F /* smiles.jpg in Resources */ = {isa = PBXBuildFile; fileRef = D01024EE2A5B49630093200F /* smiles.jpg */; };
		D01024F52A5B49630093200F /* trees.jpg in Resources */ = {isa = PBXBuildFile; fileRef = D01024EF2A5B49630093200F /* trees.jpg */; };
		D01024F62A5B49630093200F /* den.jpg in Resources */ = {isa = PBXBuildFile; fileRef = D01024F02A5B49630093200F /* den.jpg */; };
		D01024F72A5B49630093200F /* business.jpg in Resources */ = {isa = PBXBuildFile; fileRef = D01024F12A5B49630093200F /* business.jpg */; };
		D01024F82A5B49630093200F /* fruits.jpg in Resources */ = {isa = PBXBuildFile; fileRef = D01024F22A5B49630093200F /* fruits.jpg */; };
		D01024FF2A5D9E200093200F /* girl.jpg in Resources */ = {isa = PBXBuildFile; fileRef = D01024F92A5D9E200093200F /* girl.jpg */; };
		D01025002A5D9E200093200F /* vesuvius.jpg in Resources */ = {isa = PBXBuildFile; fileRef = D01024FA2A5D9E200093200F /* vesuvius.jpg */; };
		D01025012A5D9E200093200F /* tea.jpg in Resources */ = {isa = PBXBuildFile; fileRef = D01024FB2A5D9E200093200F /* tea.jpg */; };
		D01025022A5D9E200093200F /* bubbles.jpg in Resources */ = {isa = PBXBuildFile; fileRef = D01024FC2A5D9E200093200F /* bubbles.jpg */; };
		D01025032A5D9E200093200F /* animals.jpg in Resources */ = {isa = PBXBuildFile; fileRef = D01024FD2A5D9E200093200F /* animals.jpg */; };
		D01025042A5D9E200093200F /* frames.jpg in Resources */ = {isa = PBXBuildFile; fileRef = D01024FE2A5D9E200093200F /* frames.jpg */; };
		D03377CD2A475E8C00E22B1E /* DetailView.swift in Sources */ = {isa = PBXBuildFile; fileRef = D03377B72A475E8C00E22B1E /* DetailView.swift */; };
		D03377CE2A475E8C00E22B1E /* DataModel.swift in Sources */ = {isa = PBXBuildFile; fileRef = D03377B82A475E8C00E22B1E /* DataModel.swift */; };
		D03377CF2A475E8C00E22B1E /* Item.swift in Sources */ = {isa = PBXBuildFile; fileRef = D03377B92A475E8C00E22B1E /* Item.swift */; };
		D03377D02A475E8C00E22B1E /* MySketchnotingApp.swift in Sources */ = {isa = PBXBuildFile; fileRef = D03377BA2A475E8C00E22B1E /* MySketchnotingApp.swift */; };
		D03377D12A475E8C00E22B1E /* DrawingView.swift in Sources */ = {isa = PBXBuildFile; fileRef = D03377BB2A475E8C00E22B1E /* DrawingView.swift */; };
		D03377D52A475E8C00E22B1E /* intro.jpg in Resources */ = {isa = PBXBuildFile; fileRef = D03377C02A475E8C00E22B1E /* intro.jpg */; };
		D03377DA2A475E8C00E22B1E /* Assets.xcassets in Resources */ = {isa = PBXBuildFile; fileRef = D03377C52A475E8C00E22B1E /* Assets.xcassets */; };
		D03377DB2A475E8C00E22B1E /* FileManagerExtensions.swift in Sources */ = {isa = PBXBuildFile; fileRef = D03377C62A475E8C00E22B1E /* FileManagerExtensions.swift */; };
		D03377DC2A475E8C00E22B1E /* README.md in Resources */ = {isa = PBXBuildFile; fileRef = D03377C72A475E8C00E22B1E /* README.md */; };
		D03377DD2A475E8C00E22B1E /* GridItemView.swift in Sources */ = {isa = PBXBuildFile; fileRef = D03377C82A475E8C00E22B1E /* GridItemView.swift */; };
		D03377DE2A475E8C00E22B1E /* GridView.swift in Sources */ = {isa = PBXBuildFile; fileRef = D03377C92A475E8C00E22B1E /* GridView.swift */; };
		D03377DF2A475E8C00E22B1E /* PKCanvas.swift in Sources */ = {isa = PBXBuildFile; fileRef = D03377CA2A475E8C00E22B1E /* PKCanvas.swift */; };
		D03377E02A475E8C00E22B1E /* ShareSheet.swift in Sources */ = {isa = PBXBuildFile; fileRef = D03377CB2A475E8C00E22B1E /* ShareSheet.swift */; };
		D03377E12A475E8C00E22B1E /* PhotoPicker.swift in Sources */ = {isa = PBXBuildFile; fileRef = D03377CC2A475E8C00E22B1E /* PhotoPicker.swift */; };
/* End PBXBuildFile section */

/* Begin PBXFileReference section */
		D01024ED2A5B49630093200F /* rose.jpg */ = {isa = PBXFileReference; lastKnownFileType = image.jpeg; path = rose.jpg; sourceTree = "<group>"; };
		D01024EE2A5B49630093200F /* smiles.jpg */ = {isa = PBXFileReference; lastKnownFileType = image.jpeg; path = smiles.jpg; sourceTree = "<group>"; };
		D01024EF2A5B49630093200F /* trees.jpg */ = {isa = PBXFileReference; lastKnownFileType = image.jpeg; path = trees.jpg; sourceTree = "<group>"; };
		D01024F02A5B49630093200F /* den.jpg */ = {isa = PBXFileReference; lastKnownFileType = image.jpeg; path = den.jpg; sourceTree = "<group>"; };
		D01024F12A5B49630093200F /* business.jpg */ = {isa = PBXFileReference; lastKnownFileType = image.jpeg; path = business.jpg; sourceTree = "<group>"; };
		D01024F22A5B49630093200F /* fruits.jpg */ = {isa = PBXFileReference; lastKnownFileType = image.jpeg; path = fruits.jpg; sourceTree = "<group>"; };
		D01024F92A5D9E200093200F /* girl.jpg */ = {isa = PBXFileReference; lastKnownFileType = image.jpeg; path = girl.jpg; sourceTree = "<group>"; };
		D01024FA2A5D9E200093200F /* vesuvius.jpg */ = {isa = PBXFileReference; lastKnownFileType = image.jpeg; path = vesuvius.jpg; sourceTree = "<group>"; };
		D01024FB2A5D9E200093200F /* tea.jpg */ = {isa = PBXFileReference; lastKnownFileType = image.jpeg; path = tea.jpg; sourceTree = "<group>"; };
		D01024FC2A5D9E200093200F /* bubbles.jpg */ = {isa = PBXFileReference; lastKnownFileType = image.jpeg; path = bubbles.jpg; sourceTree = "<group>"; };
		D01024FD2A5D9E200093200F /* animals.jpg */ = {isa = PBXFileReference; lastKnownFileType = image.jpeg; path = animals.jpg; sourceTree = "<group>"; };
		D01024FE2A5D9E200093200F /* frames.jpg */ = {isa = PBXFileReference; lastKnownFileType = image.jpeg; path = frames.jpg; sourceTree = "<group>"; };
		D03377B72A475E8C00E22B1E /* DetailView.swift */ = {isa = PBXFileReference; fileEncoding = 4; lastKnownFileType = sourcecode.swift; path = DetailView.swift; sourceTree = "<group>"; };
		D03377B82A475E8C00E22B1E /* DataModel.swift */ = {isa = PBXFileReference; fileEncoding = 4; lastKnownFileType = sourcecode.swift; path = DataModel.swift; sourceTree = "<group>"; };
		D03377B92A475E8C00E22B1E /* Item.swift */ = {isa = PBXFileReference; fileEncoding = 4; lastKnownFileType = sourcecode.swift; path = Item.swift; sourceTree = "<group>"; };
		D03377BA2A475E8C00E22B1E /* MySketchnotingApp.swift */ = {isa = PBXFileReference; fileEncoding = 4; lastKnownFileType = sourcecode.swift; path = MySketchnotingApp.swift; sourceTree = "<group>"; };
		D03377BB2A475E8C00E22B1E /* DrawingView.swift */ = {isa = PBXFileReference; fileEncoding = 4; lastKnownFileType = sourcecode.swift; path = DrawingView.swift; sourceTree = "<group>"; };
		D03377C02A475E8C00E22B1E /* intro.jpg */ = {isa = PBXFileReference; lastKnownFileType = image.jpeg; path = intro.jpg; sourceTree = "<group>"; };
		D03377C52A475E8C00E22B1E /* Assets.xcassets */ = {isa = PBXFileReference; lastKnownFileType = folder.assetcatalog; path = Assets.xcassets; sourceTree = "<group>"; };
		D03377C62A475E8C00E22B1E /* FileManagerExtensions.swift */ = {isa = PBXFileReference; fileEncoding = 4; lastKnownFileType = sourcecode.swift; path = FileManagerExtensions.swift; sourceTree = "<group>"; };
		D03377C72A475E8C00E22B1E /* README.md */ = {isa = PBXFileReference; fileEncoding = 4; lastKnownFileType = net.daringfireball.markdown; path = README.md; sourceTree = "<group>"; };
		D03377C82A475E8C00E22B1E /* GridItemView.swift */ = {isa = PBXFileReference; fileEncoding = 4; lastKnownFileType = sourcecode.swift; path = GridItemView.swift; sourceTree = "<group>"; };
		D03377C92A475E8C00E22B1E /* GridView.swift */ = {isa = PBXFileReference; fileEncoding = 4; lastKnownFileType = sourcecode.swift; path = GridView.swift; sourceTree = "<group>"; };
		D03377CA2A475E8C00E22B1E /* PKCanvas.swift */ = {isa = PBXFileReference; fileEncoding = 4; lastKnownFileType = sourcecode.swift; path = PKCanvas.swift; sourceTree = "<group>"; };
		D03377CB2A475E8C00E22B1E /* ShareSheet.swift */ = {isa = PBXFileReference; fileEncoding = 4; lastKnownFileType = sourcecode.swift; path = ShareSheet.swift; sourceTree = "<group>"; };
		D03377CC2A475E8C00E22B1E /* PhotoPicker.swift */ = {isa = PBXFileReference; fileEncoding = 4; lastKnownFileType = sourcecode.swift; path = PhotoPicker.swift; sourceTree = "<group>"; };
		D03377E22A47620700E22B1E /* DoodleOver-Info.plist */ = {isa = PBXFileReference; lastKnownFileType = text.plist; path = "DoodleOver-Info.plist"; sourceTree = "<group>"; };
		D0C786B42A42FBBA00EF6F60 /* DoodleOver.app */ = {isa = PBXFileReference; explicitFileType = wrapper.application; includeInIndex = 0; path = DoodleOver.app; sourceTree = BUILT_PRODUCTS_DIR; };
/* End PBXFileReference section */

/* Begin PBXFrameworksBuildPhase section */
		D0C786B12A42FBBA00EF6F60 /* Frameworks */ = {
			isa = PBXFrameworksBuildPhase;
			buildActionMask = 2147483647;
			files = (
			);
			runOnlyForDeploymentPostprocessing = 0;
		};
/* End PBXFrameworksBuildPhase section */

/* Begin PBXGroup section */
		D03377B62A475E8C00E22B1E /* App */ = {
			isa = PBXGroup;
			children = (
				D03377B72A475E8C00E22B1E /* DetailView.swift */,
				D03377B82A475E8C00E22B1E /* DataModel.swift */,
				D03377B92A475E8C00E22B1E /* Item.swift */,
				D03377BA2A475E8C00E22B1E /* MySketchnotingApp.swift */,
				D03377BB2A475E8C00E22B1E /* DrawingView.swift */,
				D03377BC2A475E8C00E22B1E /* Resources */,
				D03377C52A475E8C00E22B1E /* Assets.xcassets */,
				D03377C62A475E8C00E22B1E /* FileManagerExtensions.swift */,
				D03377C72A475E8C00E22B1E /* README.md */,
				D03377C82A475E8C00E22B1E /* GridItemView.swift */,
				D03377C92A475E8C00E22B1E /* GridView.swift */,
				D03377CA2A475E8C00E22B1E /* PKCanvas.swift */,
				D03377CB2A475E8C00E22B1E /* ShareSheet.swift */,
				D03377CC2A475E8C00E22B1E /* PhotoPicker.swift */,
			);
			name = App;
			path = ../Sketchnoting.swiftpm/App;
			sourceTree = "<group>";
		};
		D03377BC2A475E8C00E22B1E /* Resources */ = {
			isa = PBXGroup;
			children = (
				D01024FD2A5D9E200093200F /* animals.jpg */,
				D01024FC2A5D9E200093200F /* bubbles.jpg */,
				D01024FE2A5D9E200093200F /* frames.jpg */,
				D01024F92A5D9E200093200F /* girl.jpg */,
				D01024FB2A5D9E200093200F /* tea.jpg */,
				D01024FA2A5D9E200093200F /* vesuvius.jpg */,
				D03377C02A475E8C00E22B1E /* intro.jpg */,
				D01024F12A5B49630093200F /* business.jpg */,
				D01024F02A5B49630093200F /* den.jpg */,
				D01024F22A5B49630093200F /* fruits.jpg */,
				D01024ED2A5B49630093200F /* rose.jpg */,
				D01024EE2A5B49630093200F /* smiles.jpg */,
				D01024EF2A5B49630093200F /* trees.jpg */,
			);
			path = Resources;
			sourceTree = "<group>";
		};
		D0C786AB2A42FBBA00EF6F60 = {
			isa = PBXGroup;
			children = (
				D03377E22A47620700E22B1E /* DoodleOver-Info.plist */,
				D03377B62A475E8C00E22B1E /* App */,
				D0C786B52A42FBBA00EF6F60 /* Products */,
			);
			sourceTree = "<group>";
		};
		D0C786B52A42FBBA00EF6F60 /* Products */ = {
			isa = PBXGroup;
			children = (
				D0C786B42A42FBBA00EF6F60 /* DoodleOver.app */,
			);
			name = Products;
			sourceTree = "<group>";
		};
/* End PBXGroup section */

/* Begin PBXNativeTarget section */
		D0C786B32A42FBBA00EF6F60 /* DoodleOver */ = {
			isa = PBXNativeTarget;
			buildConfigurationList = D0C786C22A42FBBC00EF6F60 /* Build configuration list for PBXNativeTarget "DoodleOver" */;
			buildPhases = (
				D0C786B02A42FBBA00EF6F60 /* Sources */,
				D0C786B12A42FBBA00EF6F60 /* Frameworks */,
				D0C786B22A42FBBA00EF6F60 /* Resources */,
			);
			buildRules = (
			);
			dependencies = (
			);
			name = DoodleOver;
			productName = DoodleOver;
			productReference = D0C786B42A42FBBA00EF6F60 /* DoodleOver.app */;
			productType = "com.apple.product-type.application";
		};
/* End PBXNativeTarget section */

/* Begin PBXProject section */
		D0C786AC2A42FBBA00EF6F60 /* Project object */ = {
			isa = PBXProject;
			attributes = {
				BuildIndependentTargetsInParallel = 1;
				LastSwiftUpdateCheck = 1430;
				LastUpgradeCheck = 1430;
				TargetAttributes = {
					D0C786B32A42FBBA00EF6F60 = {
						CreatedOnToolsVersion = 14.3.1;
					};
				};
			};
			buildConfigurationList = D0C786AF2A42FBBA00EF6F60 /* Build configuration list for PBXProject "DoodleOver" */;
			compatibilityVersion = "Xcode 14.0";
			developmentRegion = en;
			hasScannedForEncodings = 0;
			knownRegions = (
				en,
				Base,
			);
			mainGroup = D0C786AB2A42FBBA00EF6F60;
			productRefGroup = D0C786B52A42FBBA00EF6F60 /* Products */;
			projectDirPath = "";
			projectRoot = "";
			targets = (
				D0C786B32A42FBBA00EF6F60 /* DoodleOver */,
			);
		};
/* End PBXProject section */

/* Begin PBXResourcesBuildPhase section */
		D0C786B22A42FBBA00EF6F60 /* Resources */ = {
			isa = PBXResourcesBuildPhase;
			buildActionMask = 2147483647;
			files = (
				D01025012A5D9E200093200F /* tea.jpg in Resources */,
				D01024F72A5B49630093200F /* business.jpg in Resources */,
				D01025022A5D9E200093200F /* bubbles.jpg in Resources */,
				D01024FF2A5D9E200093200F /* girl.jpg in Resources */,
				D03377DA2A475E8C00E22B1E /* Assets.xcassets in Resources */,
				D01025042A5D9E200093200F /* frames.jpg in Resources */,
				D03377D52A475E8C00E22B1E /* intro.jpg in Resources */,
				D03377DC2A475E8C00E22B1E /* README.md in Resources */,
				D01025002A5D9E200093200F /* vesuvius.jpg in Resources */,
				D01024F32A5B49630093200F /* rose.jpg in Resources */,
				D01025032A5D9E200093200F /* animals.jpg in Resources */,
				D01024F82A5B49630093200F /* fruits.jpg in Resources */,
				D01024F52A5B49630093200F /* trees.jpg in Resources */,
				D01024F62A5B49630093200F /* den.jpg in Resources */,
				D01024F42A5B49630093200F /* smiles.jpg in Resources */,
			);
			runOnlyForDeploymentPostprocessing = 0;
		};
/* End PBXResourcesBuildPhase section */

/* Begin PBXSourcesBuildPhase section */
		D0C786B02A42FBBA00EF6F60 /* Sources */ = {
			isa = PBXSourcesBuildPhase;
			buildActionMask = 2147483647;
			files = (
				D03377D12A475E8C00E22B1E /* DrawingView.swift in Sources */,
				D03377DD2A475E8C00E22B1E /* GridItemView.swift in Sources */,
				D03377DB2A475E8C00E22B1E /* FileManagerExtensions.swift in Sources */,
				D03377CF2A475E8C00E22B1E /* Item.swift in Sources */,
				D03377CE2A475E8C00E22B1E /* DataModel.swift in Sources */,
				D03377CD2A475E8C00E22B1E /* DetailView.swift in Sources */,
				D03377E02A475E8C00E22B1E /* ShareSheet.swift in Sources */,
				D03377D02A475E8C00E22B1E /* MySketchnotingApp.swift in Sources */,
				D03377DE2A475E8C00E22B1E /* GridView.swift in Sources */,
				D03377E12A475E8C00E22B1E /* PhotoPicker.swift in Sources */,
				D03377DF2A475E8C00E22B1E /* PKCanvas.swift in Sources */,
			);
			runOnlyForDeploymentPostprocessing = 0;
		};
/* End PBXSourcesBuildPhase section */

/* Begin XCBuildConfiguration section */
		D0C786C02A42FBBC00EF6F60 /* Debug */ = {
			isa = XCBuildConfiguration;
			buildSettings = {
				ALWAYS_SEARCH_USER_PATHS = NO;
				CLANG_ANALYZER_NONNULL = YES;
				CLANG_ANALYZER_NUMBER_OBJECT_CONVERSION = YES_AGGRESSIVE;
				CLANG_CXX_LANGUAGE_STANDARD = "gnu++20";
				CLANG_ENABLE_MODULES = YES;
				CLANG_ENABLE_OBJC_ARC = YES;
				CLANG_ENABLE_OBJC_WEAK = YES;
				CLANG_WARN_BLOCK_CAPTURE_AUTORELEASING = YES;
				CLANG_WARN_BOOL_CONVERSION = YES;
				CLANG_WARN_COMMA = YES;
				CLANG_WARN_CONSTANT_CONVERSION = YES;
				CLANG_WARN_DEPRECATED_OBJC_IMPLEMENTATIONS = YES;
				CLANG_WARN_DIRECT_OBJC_ISA_USAGE = YES_ERROR;
				CLANG_WARN_DOCUMENTATION_COMMENTS = YES;
				CLANG_WARN_EMPTY_BODY = YES;
				CLANG_WARN_ENUM_CONVERSION = YES;
				CLANG_WARN_INFINITE_RECURSION = YES;
				CLANG_WARN_INT_CONVERSION = YES;
				CLANG_WARN_NON_LITERAL_NULL_CONVERSION = YES;
				CLANG_WARN_OBJC_IMPLICIT_RETAIN_SELF = YES;
				CLANG_WARN_OBJC_LITERAL_CONVERSION = YES;
				CLANG_WARN_OBJC_ROOT_CLASS = YES_ERROR;
				CLANG_WARN_QUOTED_INCLUDE_IN_FRAMEWORK_HEADER = YES;
				CLANG_WARN_RANGE_LOOP_ANALYSIS = YES;
				CLANG_WARN_STRICT_PROTOTYPES = YES;
				CLANG_WARN_SUSPICIOUS_MOVE = YES;
				CLANG_WARN_UNGUARDED_AVAILABILITY = YES_AGGRESSIVE;
				CLANG_WARN_UNREACHABLE_CODE = YES;
				CLANG_WARN__DUPLICATE_METHOD_MATCH = YES;
				COPY_PHASE_STRIP = NO;
				DEBUG_INFORMATION_FORMAT = dwarf;
				ENABLE_STRICT_OBJC_MSGSEND = YES;
				ENABLE_TESTABILITY = YES;
				GCC_C_LANGUAGE_STANDARD = gnu11;
				GCC_DYNAMIC_NO_PIC = NO;
				GCC_NO_COMMON_BLOCKS = YES;
				GCC_OPTIMIZATION_LEVEL = 0;
				GCC_PREPROCESSOR_DEFINITIONS = (
					"DEBUG=1",
					"$(inherited)",
				);
				GCC_WARN_64_TO_32_BIT_CONVERSION = YES;
				GCC_WARN_ABOUT_RETURN_TYPE = YES_ERROR;
				GCC_WARN_UNDECLARED_SELECTOR = YES;
				GCC_WARN_UNINITIALIZED_AUTOS = YES_AGGRESSIVE;
				GCC_WARN_UNUSED_FUNCTION = YES;
				GCC_WARN_UNUSED_VARIABLE = YES;
				IPHONEOS_DEPLOYMENT_TARGET = 16.4;
				MTL_ENABLE_DEBUG_INFO = INCLUDE_SOURCE;
				MTL_FAST_MATH = YES;
				ONLY_ACTIVE_ARCH = YES;
				SDKROOT = iphoneos;
				SWIFT_ACTIVE_COMPILATION_CONDITIONS = DEBUG;
				SWIFT_OPTIMIZATION_LEVEL = "-Onone";
			};
			name = Debug;
		};
		D0C786C12A42FBBC00EF6F60 /* Release */ = {
			isa = XCBuildConfiguration;
			buildSettings = {
				ALWAYS_SEARCH_USER_PATHS = NO;
				CLANG_ANALYZER_NONNULL = YES;
				CLANG_ANALYZER_NUMBER_OBJECT_CONVERSION = YES_AGGRESSIVE;
				CLANG_CXX_LANGUAGE_STANDARD = "gnu++20";
				CLANG_ENABLE_MODULES = YES;
				CLANG_ENABLE_OBJC_ARC = YES;
				CLANG_ENABLE_OBJC_WEAK = YES;
				CLANG_WARN_BLOCK_CAPTURE_AUTORELEASING = YES;
				CLANG_WARN_BOOL_CONVERSION = YES;
				CLANG_WARN_COMMA = YES;
				CLANG_WARN_CONSTANT_CONVERSION = YES;
				CLANG_WARN_DEPRECATED_OBJC_IMPLEMENTATIONS = YES;
				CLANG_WARN_DIRECT_OBJC_ISA_USAGE = YES_ERROR;
				CLANG_WARN_DOCUMENTATION_COMMENTS = YES;
				CLANG_WARN_EMPTY_BODY = YES;
				CLANG_WARN_ENUM_CONVERSION = YES;
				CLANG_WARN_INFINITE_RECURSION = YES;
				CLANG_WARN_INT_CONVERSION = YES;
				CLANG_WARN_NON_LITERAL_NULL_CONVERSION = YES;
				CLANG_WARN_OBJC_IMPLICIT_RETAIN_SELF = YES;
				CLANG_WARN_OBJC_LITERAL_CONVERSION = YES;
				CLANG_WARN_OBJC_ROOT_CLASS = YES_ERROR;
				CLANG_WARN_QUOTED_INCLUDE_IN_FRAMEWORK_HEADER = YES;
				CLANG_WARN_RANGE_LOOP_ANALYSIS = YES;
				CLANG_WARN_STRICT_PROTOTYPES = YES;
				CLANG_WARN_SUSPICIOUS_MOVE = YES;
				CLANG_WARN_UNGUARDED_AVAILABILITY = YES_AGGRESSIVE;
				CLANG_WARN_UNREACHABLE_CODE = YES;
				CLANG_WARN__DUPLICATE_METHOD_MATCH = YES;
				COPY_PHASE_STRIP = NO;
				DEBUG_INFORMATION_FORMAT = "dwarf-with-dsym";
				ENABLE_NS_ASSERTIONS = NO;
				ENABLE_STRICT_OBJC_MSGSEND = YES;
				GCC_C_LANGUAGE_STANDARD = gnu11;
				GCC_NO_COMMON_BLOCKS = YES;
				GCC_WARN_64_TO_32_BIT_CONVERSION = YES;
				GCC_WARN_ABOUT_RETURN_TYPE = YES_ERROR;
				GCC_WARN_UNDECLARED_SELECTOR = YES;
				GCC_WARN_UNINITIALIZED_AUTOS = YES_AGGRESSIVE;
				GCC_WARN_UNUSED_FUNCTION = YES;
				GCC_WARN_UNUSED_VARIABLE = YES;
				IPHONEOS_DEPLOYMENT_TARGET = 16.4;
				MTL_ENABLE_DEBUG_INFO = NO;
				MTL_FAST_MATH = YES;
				SDKROOT = iphoneos;
				SWIFT_COMPILATION_MODE = wholemodule;
				SWIFT_OPTIMIZATION_LEVEL = "-O";
				VALIDATE_PRODUCT = YES;
			};
			name = Release;
		};
		D0C786C32A42FBBC00EF6F60 /* Debug */ = {
			isa = XCBuildConfiguration;
			buildSettings = {
				ASSETCATALOG_COMPILER_APPICON_NAME = AppIcon;
				ASSETCATALOG_COMPILER_GLOBAL_ACCENT_COLOR_NAME = AccentColor;
				CODE_SIGN_STYLE = Automatic;
				CURRENT_PROJECT_VERSION = 1;
				DEVELOPMENT_TEAM = LK2F3JC747;
				ENABLE_PREVIEWS = YES;
				GENERATE_INFOPLIST_FILE = YES;
				INFOPLIST_FILE = "DoodleOver-Info.plist";
				INFOPLIST_KEY_CFBundleDisplayName = "Doodle Over";
				INFOPLIST_KEY_LSApplicationCategoryType = "public.app-category.education";
				INFOPLIST_KEY_NSPhotoLibraryAddUsageDescription = "To use images from Photos and save your drawings in Recents album.";
				INFOPLIST_KEY_NSPhotoLibraryUsageDescription = "To use images from Photos and save your drawings in Recents album.";
				INFOPLIST_KEY_UIApplicationSceneManifest_Generation = YES;
				INFOPLIST_KEY_UIApplicationSupportsIndirectInputEvents = YES;
				INFOPLIST_KEY_UISupportedInterfaceOrientations_iPad = "UIInterfaceOrientationPortrait UIInterfaceOrientationPortraitUpsideDown UIInterfaceOrientationLandscapeLeft UIInterfaceOrientationLandscapeRight";
				INFOPLIST_KEY_UISupportedInterfaceOrientations_iPhone = "UIInterfaceOrientationPortrait UIInterfaceOrientationLandscapeLeft UIInterfaceOrientationLandscapeRight";
				IPHONEOS_DEPLOYMENT_TARGET = 16.0;
				LD_RUNPATH_SEARCH_PATHS = (
					"$(inherited)",
					"@executable_path/Frameworks",
				);
				MARKETING_VERSION = 1.0;
				PRODUCT_BUNDLE_IDENTIFIER = com.doodling.DoodleOver;
				PRODUCT_NAME = "$(TARGET_NAME)";
				SWIFT_EMIT_LOC_STRINGS = YES;
				SWIFT_VERSION = 5.0;
				TARGETED_DEVICE_FAMILY = "1,2";
			};
			name = Debug;
		};
		D0C786C42A42FBBC00EF6F60 /* Release */ = {
			isa = XCBuildConfiguration;
			buildSettings = {
				ASSETCATALOG_COMPILER_APPICON_NAME = AppIcon;
				ASSETCATALOG_COMPILER_GLOBAL_ACCENT_COLOR_NAME = AccentColor;
				CODE_SIGN_STYLE = Automatic;
				CURRENT_PROJECT_VERSION = 1;
				DEVELOPMENT_TEAM = LK2F3JC747;
				ENABLE_PREVIEWS = YES;
				GENERATE_INFOPLIST_FILE = YES;
				INFOPLIST_FILE = "DoodleOver-Info.plist";
				INFOPLIST_KEY_CFBundleDisplayName = "Doodle Over";
				INFOPLIST_KEY_LSApplicationCategoryType = "public.app-category.education";
				INFOPLIST_KEY_NSPhotoLibraryAddUsageDescription = "To use images from Photos and save your drawings in Recents album.";
				INFOPLIST_KEY_NSPhotoLibraryUsageDescription = "To use images from Photos and save your drawings in Recents album.";
				INFOPLIST_KEY_UIApplicationSceneManifest_Generation = YES;
				INFOPLIST_KEY_UIApplicationSupportsIndirectInputEvents = YES;
				INFOPLIST_KEY_UISupportedInterfaceOrientations_iPad = "UIInterfaceOrientationPortrait UIInterfaceOrientationPortraitUpsideDown UIInterfaceOrientationLandscapeLeft UIInterfaceOrientationLandscapeRight";
				INFOPLIST_KEY_UISupportedInterfaceOrientations_iPhone = "UIInterfaceOrientationPortrait UIInterfaceOrientationLandscapeLeft UIInterfaceOrientationLandscapeRight";
				IPHONEOS_DEPLOYMENT_TARGET = 16.0;
				LD_RUNPATH_SEARCH_PATHS = (
					"$(inherited)",
					"@executable_path/Frameworks",
				);
				MARKETING_VERSION = 1.0;
				PRODUCT_BUNDLE_IDENTIFIER = com.doodling.DoodleOver;
				PRODUCT_NAME = "$(TARGET_NAME)";
				SWIFT_EMIT_LOC_STRINGS = YES;
				SWIFT_VERSION = 5.0;
				TARGETED_DEVICE_FAMILY = "1,2";
			};
			name = Release;
		};
/* End XCBuildConfiguration section */

/* Begin XCConfigurationList section */
		D0C786AF2A42FBBA00EF6F60 /* Build configuration list for PBXProject "DoodleOver" */ = {
			isa = XCConfigurationList;
			buildConfigurations = (
				D0C786C02A42FBBC00EF6F60 /* Debug */,
				D0C786C12A42FBBC00EF6F60 /* Release */,
			);
			defaultConfigurationIsVisible = 0;
			defaultConfigurationName = Release;
		};
		D0C786C22A42FBBC00EF6F60 /* Build configuration list for PBXNativeTarget "DoodleOver" */ = {
			isa = XCConfigurationList;
			buildConfigurations = (
				D0C786C32A42FBBC00EF6F60 /* Debug */,
				D0C786C42A42FBBC00EF6F60 /* Release */,
			);
			defaultConfigurationIsVisible = 0;
			defaultConfigurationName = Release;
		};
/* End XCConfigurationList section */
	};
	rootObject = D0C786AC2A42FBBA00EF6F60 /* Project object */;
}
